[[tools.lefthook]]
version = "2.1.1"
backend = "aqua:evilmartians/lefthook"

[[tools.node]]
version = "24.13.1"
backend = "core:node"

[[tools."npm:conventional-changelog-cli"]]
version = "5.0.0"
backend = "npm:conventional-changelog-cli"

[[tools.pnpm]]
version = "10.30.1"
backend = "aqua:pnpm/pnpm"
"platforms.linux-arm64" = { checksum = "sha256:f6bd5a8b99543511421a0e77935c93b744feaa2e65fdd91969f966460f6b6f5a", url = "https://github.com/pnpm/pnpm/releases/download/v10.30.1/pnpm-linux-arm64"}
"platforms.linux-x64" = { checksum = "sha256:44584d1bf4964eab9117484bbac165279f5584d743b98dfddb72f2cde5caff92", url = "https://github.com/pnpm/pnpm/releases/download/v10.30.1/pnpm-linux-x64"}
"platforms.macos-arm64" = { checksum = "sha256:7e57b4360219735b3a62542cb508ba5b1759a604c74eab75748da4c1eaf567e9", url = "https://github.com/pnpm/pnpm/releases/download/v10.30.1/pnpm-macos-arm64"}
"platforms.macos-x64" = { checksum = "sha256:14e3f5fc6117cbcaf6ee8852e616b6a5a63136583b749163d524ded0d4a29751", url = "https://github.com/pnpm/pnpm/releases/download/v10.30.1/pnpm-macos-x64"}
"platforms.windows-x64" = { checksum = "sha256:aca8d8a4adbceeb11aa63af84d12203850b282677fd5babb09dd15ac194d948f", url = "https://github.com/pnpm/pnpm/releases/download/v10.30.1/pnpm-win-x64.exe"}

[[tools.prettier]]
version = "3.8.1"
backend = "npm:prettier"
