[[tools.lefthook]]
version = "2.1.1"
backend = "aqua:evilmartians/lefthook"
"platforms.linux-arm64" = { checksum = "sha256:46907f78fa64de6d47e4f4c6b80f9ad246a09c67262c00ba5a32c74217d7f5ea", url = "https://github.com/evilmartians/lefthook/releases/download/v2.1.1/lefthook_2.1.1_Linux_aarch64.gz"}
"platforms.linux-x64" = { checksum = "sha256:5d29942bb5954c59d67d8c37184411034e576ed2829e22b0a6d88bba934e4fbb", url = "https://github.com/evilmartians/lefthook/releases/download/v2.1.1/lefthook_2.1.1_Linux_x86_64.gz"}
"platforms.macos-arm64" = { checksum = "sha256:efe16a83824d2fc0f95719102045263b0f6d61d3c998442a12763c285f8b49bc", url = "https://github.com/evilmartians/lefthook/releases/download/v2.1.1/lefthook_2.1.1_MacOS_arm64.gz"}
"platforms.macos-x64" = { checksum = "sha256:a73e790b9e7b7bc13810cb9f7d7945462f899165c25d14f39bc31d9a70427638", url = "https://github.com/evilmartians/lefthook/releases/download/v2.1.1/lefthook_2.1.1_MacOS_x86_64.gz"}
"platforms.windows-x64" = { checksum = "sha256:ac26892266ce98066c469d2db7feafe067009b9cff85786dae7605cf3be0db50", url = "https://github.com/evilmartians/lefthook/releases/download/v2.1.1/lefthook_2.1.1_Windows_x86_64.gz"}

[[tools.node]]
version = "24.14.0"
backend = "core:node"
"platforms.linux-arm64" = { checksum = "sha256:f44740cd218de8127f1c44c41510a3a740fa5c9c8d1cdce1c3bedada79f3cde7", url = "https://nodejs.org/dist/v24.14.0/node-v24.14.0-linux-arm64.tar.gz"}
"platforms.linux-x64" = { checksum = "sha256:dbf5b8665dec15e59e6359a517fefb47b23fdb9152d8def975b9bca3dfc6d355", url = "https://nodejs.org/dist/v24.14.0/node-v24.14.0-linux-x64.tar.gz"}
"platforms.macos-arm64" = { checksum = "sha256:a1a54f46a750d2523d628d924aab61758a51c9dad3e0238beb14141be9615dd3", url = "https://nodejs.org/dist/v24.14.0/node-v24.14.0-darwin-arm64.tar.gz"}
"platforms.macos-x64" = { checksum = "sha256:f2879eb810e25993a0578e5d878930266fd2eafcffe9f2839b3d8db354d4879e", url = "https://nodejs.org/dist/v24.14.0/node-v24.14.0-darwin-x64.tar.gz"}
"platforms.windows-x64" = { checksum = "sha256:313fa40c0d7b18575821de8cb17483031fe07d95de5994f6f435f3b345f85c66", url = "https://nodejs.org/dist/v24.14.0/node-v24.14.0-win-x64.zip"}

[[tools."npm:conventional-changelog-cli"]]
version = "5.0.0"
backend = "npm:conventional-changelog-cli"

[[tools.pnpm]]
version = "10.30.3"
backend = "aqua:pnpm/pnpm"
"platforms.linux-arm64" = { checksum = "sha256:9488f48d6967bfa8f5ebc5c077aae297d2fe25287697b4c8edf991ff945d8af7", url = "https://github.com/pnpm/pnpm/releases/download/v10.30.3/pnpm-linux-arm64"}
"platforms.linux-x64" = { checksum = "sha256:5dc971e801610471b5cd6729ba289531be6695bd50d5e833fe22b18896b13a06", url = "https://github.com/pnpm/pnpm/releases/download/v10.30.3/pnpm-linux-x64"}
"platforms.macos-arm64" = { checksum = "sha256:ccfb6e54fe29d13715e2fe418ef0374cde5a7f68b95f5ed5da5f564886af9d17", url = "https://github.com/pnpm/pnpm/releases/download/v10.30.3/pnpm-macos-arm64"}
"platforms.macos-x64" = { checksum = "sha256:d9be0fd3989c09f5abf7e52f10d8d0294f757af61bbbd59727d607c85205a788", url = "https://github.com/pnpm/pnpm/releases/download/v10.30.3/pnpm-macos-x64"}
"platforms.windows-x64" = { checksum = "sha256:de8337a864056472542b951ab23ad54149cc63127bb2faf3175b7902b764f188", url = "https://github.com/pnpm/pnpm/releases/download/v10.30.3/pnpm-win-x64.exe"}

[[tools.prettier]]
version = "3.8.1"
backend = "npm:prettier"
